// !$*UTF8*$!
{
	archiveVersion = 1;
	classes = {
	};
	objectVersion = 51;
	objects = {

/* Begin PBXBuildFile section */
		016FDC0026182C4800E48274 /* RegisterViewController.swift in Sources */ = {isa = PBXBuildFile; fileRef = 016FDBFF26182C4800E48274 /* RegisterViewController.swift */; };
		01761258260DBF770016B9AF /* AppDelegate.swift in Sources */ = {isa = PBXBuildFile; fileRef = 01761257260DBF770016B9AF /* AppDelegate.swift */; };
		0176125A260DBF770016B9AF /* SceneDelegate.swift in Sources */ = {isa = PBXBuildFile; fileRef = 01761259260DBF770016B9AF /* SceneDelegate.swift */; };
		0176125C260DBF770016B9AF /* ViewController.swift in Sources */ = {isa = PBXBuildFile; fileRef = 0176125B260DBF770016B9AF /* ViewController.swift */; };
		0176125F260DBF770016B9AF /* Main.storyboard in Resources */ = {isa = PBXBuildFile; fileRef = 0176125D260DBF770016B9AF /* Main.storyboard */; };
		01761261260DBF770016B9AF /* Assets.xcassets in Resources */ = {isa = PBXBuildFile; fileRef = 01761260260DBF770016B9AF /* Assets.xcassets */; };
		01761264260DBF770016B9AF /* LaunchScreen.storyboard in Resources */ = {isa = PBXBuildFile; fileRef = 01761262260DBF770016B9AF /* LaunchScreen.storyboard */; };
		0176126F260DBF780016B9AF /* StreamingTests.swift in Sources */ = {isa = PBXBuildFile; fileRef = 0176126E260DBF780016B9AF /* StreamingTests.swift */; };
		0176127A260DBF780016B9AF /* StreamingUITests.swift in Sources */ = {isa = PBXBuildFile; fileRef = 01761279260DBF780016B9AF /* StreamingUITests.swift */; };
		0176129E260DC0D20016B9AF /* GoogleService-Info.plist in Resources */ = {isa = PBXBuildFile; fileRef = 0176129D260DC0D20016B9AF /* GoogleService-Info.plist */; };
		017612AB260DE98E0016B9AF /* AppleButton.swift in Sources */ = {isa = PBXBuildFile; fileRef = 017612AA260DE98E0016B9AF /* AppleButton.swift */; };
		017612B3260E077D0016B9AF /* Extensions.swift in Sources */ = {isa = PBXBuildFile; fileRef = 017612B2260E077D0016B9AF /* Extensions.swift */; };
		017612CC260E6E830016B9AF /* ConstantValues.swift in Sources */ = {isa = PBXBuildFile; fileRef = 017612CB260E6E830016B9AF /* ConstantValues.swift */; };
		017612D7260E76BD0016B9AF /* User.swift in Sources */ = {isa = PBXBuildFile; fileRef = 017612D6260E76BD0016B9AF /* User.swift */; };
		0C06FF80C0CB4F7CCECD387E /* Pods_Streaming.framework in Frameworks */ = {isa = PBXBuildFile; fileRef = 730BC36E53EB82AC5752C851 /* Pods_Streaming.framework */; };
		330F67C56815C928CF715B29 /* Pods_Streaming_StreamingUITests.framework in Frameworks */ = {isa = PBXBuildFile; fileRef = 67DE1C951B59FF02597C3DA9 /* Pods_Streaming_StreamingUITests.framework */; };
		C512E3DA07353AE3F7F7D342 /* Pods_StreamingTests.framework in Frameworks */ = {isa = PBXBuildFile; fileRef = 9F6BF115665BBF13600BAD27 /* Pods_StreamingTests.framework */; };
/* End PBXBuildFile section */

/* Begin PBXContainerItemProxy section */
		0176126B260DBF780016B9AF /* PBXContainerItemProxy */ = {
			isa = PBXContainerItemProxy;
			containerPortal = 0176124C260DBF770016B9AF /* Project object */;
			proxyType = 1;
			remoteGlobalIDString = 01761253260DBF770016B9AF;
			remoteInfo = Streaming;
		};
		01761276260DBF780016B9AF /* PBXContainerItemProxy */ = {
			isa = PBXContainerItemProxy;
			containerPortal = 0176124C260DBF770016B9AF /* Project object */;
			proxyType = 1;
			remoteGlobalIDString = 01761253260DBF770016B9AF;
			remoteInfo = Streaming;
		};
/* End PBXContainerItemProxy section */

/* Begin PBXFileReference section */
		016FDBFF26182C4800E48274 /* RegisterViewController.swift */ = {isa = PBXFileReference; lastKnownFileType = sourcecode.swift; path = RegisterViewController.swift; sourceTree = "<group>"; };
		01761254260DBF770016B9AF /* Streaming.app */ = {isa = PBXFileReference; explicitFileType = wrapper.application; includeInIndex = 0; path = Streaming.app; sourceTree = BUILT_PRODUCTS_DIR; };
		01761257260DBF770016B9AF /* AppDelegate.swift */ = {isa = PBXFileReference; lastKnownFileType = sourcecode.swift; path = AppDelegate.swift; sourceTree = "<group>"; };
		01761259260DBF770016B9AF /* SceneDelegate.swift */ = {isa = PBXFileReference; lastKnownFileType = sourcecode.swift; path = SceneDelegate.swift; sourceTree = "<group>"; };
		0176125B260DBF770016B9AF /* ViewController.swift */ = {isa = PBXFileReference; lastKnownFileType = sourcecode.swift; path = ViewController.swift; sourceTree = "<group>"; };
		0176125E260DBF770016B9AF /* Base */ = {isa = PBXFileReference; lastKnownFileType = file.storyboard; name = Base; path = Base.lproj/Main.storyboard; sourceTree = "<group>"; };
		01761260260DBF770016B9AF /* Assets.xcassets */ = {isa = PBXFileReference; lastKnownFileType = folder.assetcatalog; path = Assets.xcassets; sourceTree = "<group>"; };
		01761263260DBF770016B9AF /* Base */ = {isa = PBXFileReference; lastKnownFileType = file.storyboard; name = Base; path = Base.lproj/LaunchScreen.storyboard; sourceTree = "<group>"; };
		01761265260DBF770016B9AF /* Info.plist */ = {isa = PBXFileReference; lastKnownFileType = text.plist.xml; path = Info.plist; sourceTree = "<group>"; };
		0176126A260DBF780016B9AF /* StreamingTests.xctest */ = {isa = PBXFileReference; explicitFileType = wrapper.cfbundle; includeInIndex = 0; path = StreamingTests.xctest; sourceTree = BUILT_PRODUCTS_DIR; };
		0176126E260DBF780016B9AF /* StreamingTests.swift */ = {isa = PBXFileReference; lastKnownFileType = sourcecode.swift; path = StreamingTests.swift; sourceTree = "<group>"; };
		01761270260DBF780016B9AF /* Info.plist */ = {isa = PBXFileReference; lastKnownFileType = text.plist.xml; path = Info.plist; sourceTree = "<group>"; };
		01761275260DBF780016B9AF /* StreamingUITests.xctest */ = {isa = PBXFileReference; explicitFileType = wrapper.cfbundle; includeInIndex = 0; path = StreamingUITests.xctest; sourceTree = BUILT_PRODUCTS_DIR; };
		01761279260DBF780016B9AF /* StreamingUITests.swift */ = {isa = PBXFileReference; lastKnownFileType = sourcecode.swift; path = StreamingUITests.swift; sourceTree = "<group>"; };
		0176127B260DBF780016B9AF /* Info.plist */ = {isa = PBXFileReference; lastKnownFileType = text.plist.xml; path = Info.plist; sourceTree = "<group>"; };
		0176129D260DC0D20016B9AF /* GoogleService-Info.plist */ = {isa = PBXFileReference; fileEncoding = 4; lastKnownFileType = text.plist.xml; path = "GoogleService-Info.plist"; sourceTree = "<group>"; };
		017612A5260DD1100016B9AF /* Streaming.entitlements */ = {isa = PBXFileReference; lastKnownFileType = text.plist.entitlements; path = Streaming.entitlements; sourceTree = "<group>"; };
		017612AA260DE98E0016B9AF /* AppleButton.swift */ = {isa = PBXFileReference; lastKnownFileType = sourcecode.swift; path = AppleButton.swift; sourceTree = "<group>"; };
		017612B2260E077D0016B9AF /* Extensions.swift */ = {isa = PBXFileReference; lastKnownFileType = sourcecode.swift; path = Extensions.swift; sourceTree = "<group>"; };
		017612CB260E6E830016B9AF /* ConstantValues.swift */ = {isa = PBXFileReference; lastKnownFileType = sourcecode.swift; path = ConstantValues.swift; sourceTree = "<group>"; };
		017612D6260E76BD0016B9AF /* User.swift */ = {isa = PBXFileReference; lastKnownFileType = sourcecode.swift; path = User.swift; sourceTree = "<group>"; };
		53170DF354EDFAF4B091EB54 /* Pods-StreamingTests.release.xcconfig */ = {isa = PBXFileReference; includeInIndex = 1; lastKnownFileType = text.xcconfig; name = "Pods-StreamingTests.release.xcconfig"; path = "Target Support Files/Pods-StreamingTests/Pods-StreamingTests.release.xcconfig"; sourceTree = "<group>"; };
		624EEABFA044CE38F5870125 /* Pods-StreamingTests.debug.xcconfig */ = {isa = PBXFileReference; includeInIndex = 1; lastKnownFileType = text.xcconfig; name = "Pods-StreamingTests.debug.xcconfig"; path = "Target Support Files/Pods-StreamingTests/Pods-StreamingTests.debug.xcconfig"; sourceTree = "<group>"; };
		67DE1C951B59FF02597C3DA9 /* Pods_Streaming_StreamingUITests.framework */ = {isa = PBXFileReference; explicitFileType = wrapper.framework; includeInIndex = 0; path = Pods_Streaming_StreamingUITests.framework; sourceTree = BUILT_PRODUCTS_DIR; };
		730BC36E53EB82AC5752C851 /* Pods_Streaming.framework */ = {isa = PBXFileReference; explicitFileType = wrapper.framework; includeInIndex = 0; path = Pods_Streaming.framework; sourceTree = BUILT_PRODUCTS_DIR; };
		9F6BF115665BBF13600BAD27 /* Pods_StreamingTests.framework */ = {isa = PBXFileReference; explicitFileType = wrapper.framework; includeInIndex = 0; path = Pods_StreamingTests.framework; sourceTree = BUILT_PRODUCTS_DIR; };
		A660ABACD86CE33502AAD615 /* Pods-Streaming.debug.xcconfig */ = {isa = PBXFileReference; includeInIndex = 1; lastKnownFileType = text.xcconfig; name = "Pods-Streaming.debug.xcconfig"; path = "Target Support Files/Pods-Streaming/Pods-Streaming.debug.xcconfig"; sourceTree = "<group>"; };
		B1A11E6AEE64224D40851E8E /* Pods-Streaming.release.xcconfig */ = {isa = PBXFileReference; includeInIndex = 1; lastKnownFileType = text.xcconfig; name = "Pods-Streaming.release.xcconfig"; path = "Target Support Files/Pods-Streaming/Pods-Streaming.release.xcconfig"; sourceTree = "<group>"; };
		C5104D915FB448E1BE02A117 /* Pods-Streaming-StreamingUITests.release.xcconfig */ = {isa = PBXFileReference; includeInIndex = 1; lastKnownFileType = text.xcconfig; name = "Pods-Streaming-StreamingUITests.release.xcconfig"; path = "Target Support Files/Pods-Streaming-StreamingUITests/Pods-Streaming-StreamingUITests.release.xcconfig"; sourceTree = "<group>"; };
		F67F38994B4AD79361405D7F /* Pods-Streaming-StreamingUITests.debug.xcconfig */ = {isa = PBXFileReference; includeInIndex = 1; lastKnownFileType = text.xcconfig; name = "Pods-Streaming-StreamingUITests.debug.xcconfig"; path = "Target Support Files/Pods-Streaming-StreamingUITests/Pods-Streaming-StreamingUITests.debug.xcconfig"; sourceTree = "<group>"; };
/* End PBXFileReference section */

/* Begin PBXFrameworksBuildPhase section */
		01761251260DBF770016B9AF /* Frameworks */ = {
			isa = PBXFrameworksBuildPhase;
			buildActionMask = 2147483647;
			files = (
				0C06FF80C0CB4F7CCECD387E /* Pods_Streaming.framework in Frameworks */,
			);
			runOnlyForDeploymentPostprocessing = 0;
		};
		01761267260DBF780016B9AF /* Frameworks */ = {
			isa = PBXFrameworksBuildPhase;
			buildActionMask = 2147483647;
			files = (
				C512E3DA07353AE3F7F7D342 /* Pods_StreamingTests.framework in Frameworks */,
			);
			runOnlyForDeploymentPostprocessing = 0;
		};
		01761272260DBF780016B9AF /* Frameworks */ = {
			isa = PBXFrameworksBuildPhase;
			buildActionMask = 2147483647;
			files = (
				330F67C56815C928CF715B29 /* Pods_Streaming_StreamingUITests.framework in Frameworks */,
			);
			runOnlyForDeploymentPostprocessing = 0;
		};
/* End PBXFrameworksBuildPhase section */

/* Begin PBXGroup section */
		0176124B260DBF770016B9AF = {
			isa = PBXGroup;
			children = (
				01761256260DBF770016B9AF /* Streaming */,
				0176126D260DBF780016B9AF /* StreamingTests */,
				01761278260DBF780016B9AF /* StreamingUITests */,
				01761255260DBF770016B9AF /* Products */,
				497FDEFE66F1DD5A7347F8F3 /* Pods */,
				A8427E032A8E8F058CFA8DCC /* Frameworks */,
			);
			sourceTree = "<group>";
		};
		01761255260DBF770016B9AF /* Products */ = {
			isa = PBXGroup;
			children = (
				01761254260DBF770016B9AF /* Streaming.app */,
				0176126A260DBF780016B9AF /* StreamingTests.xctest */,
				01761275260DBF780016B9AF /* StreamingUITests.xctest */,
			);
			name = Products;
			sourceTree = "<group>";
		};
		01761256260DBF770016B9AF /* Streaming */ = {
			isa = PBXGroup;
			children = (
				017612A9260DE97A0016B9AF /* Constants */,
				017612A5260DD1100016B9AF /* Streaming.entitlements */,
				0176128C260DBFD60016B9AF /* Controller */,
				0176128B260DBF9B0016B9AF /* View */,
				0176128A260DBF930016B9AF /* Model */,
				01761257260DBF770016B9AF /* AppDelegate.swift */,
				0176129D260DC0D20016B9AF /* GoogleService-Info.plist */,
				01761259260DBF770016B9AF /* SceneDelegate.swift */,
				01761260260DBF770016B9AF /* Assets.xcassets */,
				01761262260DBF770016B9AF /* LaunchScreen.storyboard */,
				01761265260DBF770016B9AF /* Info.plist */,
			);
			path = Streaming;
			sourceTree = "<group>";
		};
		0176126D260DBF780016B9AF /* StreamingTests */ = {
			isa = PBXGroup;
			children = (
				0176126E260DBF780016B9AF /* StreamingTests.swift */,
				01761270260DBF780016B9AF /* Info.plist */,
			);
			path = StreamingTests;
			sourceTree = "<group>";
		};
		01761278260DBF780016B9AF /* StreamingUITests */ = {
			isa = PBXGroup;
			children = (
				01761279260DBF780016B9AF /* StreamingUITests.swift */,
				0176127B260DBF780016B9AF /* Info.plist */,
			);
			path = StreamingUITests;
			sourceTree = "<group>";
		};
		0176128A260DBF930016B9AF /* Model */ = {
			isa = PBXGroup;
			children = (
				017612D6260E76BD0016B9AF /* User.swift */,
			);
			path = Model;
			sourceTree = "<group>";
		};
		0176128B260DBF9B0016B9AF /* View */ = {
			isa = PBXGroup;
			children = (
				0176125D260DBF770016B9AF /* Main.storyboard */,
			);
			path = View;
			sourceTree = "<group>";
		};
		0176128C260DBFD60016B9AF /* Controller */ = {
			isa = PBXGroup;
			children = (
				0176125B260DBF770016B9AF /* ViewController.swift */,
				016FDBFF26182C4800E48274 /* RegisterViewController.swift */,
			);
			path = Controller;
			sourceTree = "<group>";
		};
		017612A9260DE97A0016B9AF /* Constants */ = {
			isa = PBXGroup;
			children = (
				017612AA260DE98E0016B9AF /* AppleButton.swift */,
				017612B2260E077D0016B9AF /* Extensions.swift */,
				017612CB260E6E830016B9AF /* ConstantValues.swift */,
			);
			path = Constants;
			sourceTree = "<group>";
		};
		497FDEFE66F1DD5A7347F8F3 /* Pods */ = {
			isa = PBXGroup;
			children = (
				A660ABACD86CE33502AAD615 /* Pods-Streaming.debug.xcconfig */,
				B1A11E6AEE64224D40851E8E /* Pods-Streaming.release.xcconfig */,
				F67F38994B4AD79361405D7F /* Pods-Streaming-StreamingUITests.debug.xcconfig */,
				C5104D915FB448E1BE02A117 /* Pods-Streaming-StreamingUITests.release.xcconfig */,
				624EEABFA044CE38F5870125 /* Pods-StreamingTests.debug.xcconfig */,
				53170DF354EDFAF4B091EB54 /* Pods-StreamingTests.release.xcconfig */,
			);
			path = Pods;
			sourceTree = "<group>";
		};
		A8427E032A8E8F058CFA8DCC /* Frameworks */ = {
			isa = PBXGroup;
			children = (
				730BC36E53EB82AC5752C851 /* Pods_Streaming.framework */,
				67DE1C951B59FF02597C3DA9 /* Pods_Streaming_StreamingUITests.framework */,
				9F6BF115665BBF13600BAD27 /* Pods_StreamingTests.framework */,
			);
			name = Frameworks;
			sourceTree = "<group>";
		};
/* End PBXGroup section */

/* Begin PBXNativeTarget section */
		01761253260DBF770016B9AF /* Streaming */ = {
			isa = PBXNativeTarget;
			buildConfigurationList = 0176127E260DBF780016B9AF /* Build configuration list for PBXNativeTarget "Streaming" */;
			buildPhases = (
				41725FB2B78806853CF38EB0 /* [CP] Check Pods Manifest.lock */,
				01761250260DBF770016B9AF /* Sources */,
				01761251260DBF770016B9AF /* Frameworks */,
				01761252260DBF770016B9AF /* Resources */,
				92E190FA148566B7A0EFB4F1 /* [CP] Embed Pods Frameworks */,
				D3D40CBC8898F81259D3958E /* [CP] Copy Pods Resources */,
			);
			buildRules = (
			);
			dependencies = (
			);
			name = Streaming;
			productName = Streaming;
			productReference = 01761254260DBF770016B9AF /* Streaming.app */;
			productType = "com.apple.product-type.application";
		};
		01761269260DBF780016B9AF /* StreamingTests */ = {
			isa = PBXNativeTarget;
			buildConfigurationList = 01761281260DBF780016B9AF /* Build configuration list for PBXNativeTarget "StreamingTests" */;
			buildPhases = (
				A691379A6AE086DF6AD6F1FC /* [CP] Check Pods Manifest.lock */,
				01761266260DBF780016B9AF /* Sources */,
				01761267260DBF780016B9AF /* Frameworks */,
				01761268260DBF780016B9AF /* Resources */,
			);
			buildRules = (
			);
			dependencies = (
				0176126C260DBF780016B9AF /* PBXTargetDependency */,
			);
			name = StreamingTests;
			productName = StreamingTests;
			productReference = 0176126A260DBF780016B9AF /* StreamingTests.xctest */;
			productType = "com.apple.product-type.bundle.unit-test";
		};
		01761274260DBF780016B9AF /* StreamingUITests */ = {
			isa = PBXNativeTarget;
			buildConfigurationList = 01761284260DBF780016B9AF /* Build configuration list for PBXNativeTarget "StreamingUITests" */;
			buildPhases = (
				0AA890A40B36C4FD2C3AD525 /* [CP] Check Pods Manifest.lock */,
				01761271260DBF780016B9AF /* Sources */,
				01761272260DBF780016B9AF /* Frameworks */,
				01761273260DBF780016B9AF /* Resources */,
				E47571FB1BE71182006F3856 /* [CP] Embed Pods Frameworks */,
				773AE38276CD384DD7E0883A /* [CP] Copy Pods Resources */,
			);
			buildRules = (
			);
			dependencies = (
				01761277260DBF780016B9AF /* PBXTargetDependency */,
			);
			name = StreamingUITests;
			productName = StreamingUITests;
			productReference = 01761275260DBF780016B9AF /* StreamingUITests.xctest */;
			productType = "com.apple.product-type.bundle.ui-testing";
		};
/* End PBXNativeTarget section */

/* Begin PBXProject section */
		0176124C260DBF770016B9AF /* Project object */ = {
			isa = PBXProject;
			attributes = {
				LastSwiftUpdateCheck = 1240;
				LastUpgradeCheck = 1240;
				TargetAttributes = {
					01761253260DBF770016B9AF = {
						CreatedOnToolsVersion = 12.4;
					};
					01761269260DBF780016B9AF = {
						CreatedOnToolsVersion = 12.4;
						TestTargetID = 01761253260DBF770016B9AF;
					};
					01761274260DBF780016B9AF = {
						CreatedOnToolsVersion = 12.4;
						TestTargetID = 01761253260DBF770016B9AF;
					};
				};
			};
			buildConfigurationList = 0176124F260DBF770016B9AF /* Build configuration list for PBXProject "Streaming" */;
			compatibilityVersion = "Xcode 9.3";
			developmentRegion = en;
			hasScannedForEncodings = 0;
			knownRegions = (
				en,
				Base,
			);
			mainGroup = 0176124B260DBF770016B9AF;
			productRefGroup = 01761255260DBF770016B9AF /* Products */;
			projectDirPath = "";
			projectRoot = "";
			targets = (
				01761253260DBF770016B9AF /* Streaming */,
				01761269260DBF780016B9AF /* StreamingTests */,
				01761274260DBF780016B9AF /* StreamingUITests */,
			);
		};
/* End PBXProject section */

/* Begin PBXResourcesBuildPhase section */
		01761252260DBF770016B9AF /* Resources */ = {
			isa = PBXResourcesBuildPhase;
			buildActionMask = 2147483647;
			files = (
				01761264260DBF770016B9AF /* LaunchScreen.storyboard in Resources */,
				0176129E260DC0D20016B9AF /* GoogleService-Info.plist in Resources */,
				01761261260DBF770016B9AF /* Assets.xcassets in Resources */,
				0176125F260DBF770016B9AF /* Main.storyboard in Resources */,
			);
			runOnlyForDeploymentPostprocessing = 0;
		};
		01761268260DBF780016B9AF /* Resources */ = {
			isa = PBXResourcesBuildPhase;
			buildActionMask = 2147483647;
			files = (
			);
			runOnlyForDeploymentPostprocessing = 0;
		};
		01761273260DBF780016B9AF /* Resources */ = {
			isa = PBXResourcesBuildPhase;
			buildActionMask = 2147483647;
			files = (
			);
			runOnlyForDeploymentPostprocessing = 0;
		};
/* End PBXResourcesBuildPhase section */

/* Begin PBXShellScriptBuildPhase section */
		0AA890A40B36C4FD2C3AD525 /* [CP] Check Pods Manifest.lock */ = {
			isa = PBXShellScriptBuildPhase;
			buildActionMask = 2147483647;
			files = (
			);
			inputFileListPaths = (
			);
			inputPaths = (
				"${PODS_PODFILE_DIR_PATH}/Podfile.lock",
				"${PODS_ROOT}/Manifest.lock",
			);
			name = "[CP] Check Pods Manifest.lock";
			outputFileListPaths = (
			);
			outputPaths = (
				"$(DERIVED_FILE_DIR)/Pods-Streaming-StreamingUITests-checkManifestLockResult.txt",
			);
			runOnlyForDeploymentPostprocessing = 0;
			shellPath = /bin/sh;
			shellScript = "diff \"${PODS_PODFILE_DIR_PATH}/Podfile.lock\" \"${PODS_ROOT}/Manifest.lock\" > /dev/null\nif [ $? != 0 ] ; then\n    # print error to STDERR\n    echo \"error: The sandbox is not in sync with the Podfile.lock. Run 'pod install' or update your CocoaPods installation.\" >&2\n    exit 1\nfi\n# This output is used by Xcode 'outputs' to avoid re-running this script phase.\necho \"SUCCESS\" > \"${SCRIPT_OUTPUT_FILE_0}\"\n";
			showEnvVarsInLog = 0;
		};
		41725FB2B78806853CF38EB0 /* [CP] Check Pods Manifest.lock */ = {
			isa = PBXShellScriptBuildPhase;
			buildActionMask = 2147483647;
			files = (
			);
			inputFileListPaths = (
			);
			inputPaths = (
				"${PODS_PODFILE_DIR_PATH}/Podfile.lock",
				"${PODS_ROOT}/Manifest.lock",
			);
			name = "[CP] Check Pods Manifest.lock";
			outputFileListPaths = (
			);
			outputPaths = (
				"$(DERIVED_FILE_DIR)/Pods-Streaming-checkManifestLockResult.txt",
			);
			runOnlyForDeploymentPostprocessing = 0;
			shellPath = /bin/sh;
			shellScript = "diff \"${PODS_PODFILE_DIR_PATH}/Podfile.lock\" \"${PODS_ROOT}/Manifest.lock\" > /dev/null\nif [ $? != 0 ] ; then\n    # print error to STDERR\n    echo \"error: The sandbox is not in sync with the Podfile.lock. Run 'pod install' or update your CocoaPods installation.\" >&2\n    exit 1\nfi\n# This output is used by Xcode 'outputs' to avoid re-running this script phase.\necho \"SUCCESS\" > \"${SCRIPT_OUTPUT_FILE_0}\"\n";
			showEnvVarsInLog = 0;
		};
		773AE38276CD384DD7E0883A /* [CP] Copy Pods Resources */ = {
			isa = PBXShellScriptBuildPhase;
			buildActionMask = 2147483647;
			files = (
			);
			inputFileListPaths = (
				"${PODS_ROOT}/Target Support Files/Pods-Streaming-StreamingUITests/Pods-Streaming-StreamingUITests-resources-${CONFIGURATION}-input-files.xcfilelist",
			);
			name = "[CP] Copy Pods Resources";
			outputFileListPaths = (
				"${PODS_ROOT}/Target Support Files/Pods-Streaming-StreamingUITests/Pods-Streaming-StreamingUITests-resources-${CONFIGURATION}-output-files.xcfilelist",
			);
			runOnlyForDeploymentPostprocessing = 0;
			shellPath = /bin/sh;
			shellScript = "\"${PODS_ROOT}/Target Support Files/Pods-Streaming-StreamingUITests/Pods-Streaming-StreamingUITests-resources.sh\"\n";
			showEnvVarsInLog = 0;
		};
		92E190FA148566B7A0EFB4F1 /* [CP] Embed Pods Frameworks */ = {
			isa = PBXShellScriptBuildPhase;
			buildActionMask = 2147483647;
			files = (
			);
			inputFileListPaths = (
				"${PODS_ROOT}/Target Support Files/Pods-Streaming/Pods-Streaming-frameworks-${CONFIGURATION}-input-files.xcfilelist",
			);
			name = "[CP] Embed Pods Frameworks";
			outputFileListPaths = (
				"${PODS_ROOT}/Target Support Files/Pods-Streaming/Pods-Streaming-frameworks-${CONFIGURATION}-output-files.xcfilelist",
			);
			runOnlyForDeploymentPostprocessing = 0;
			shellPath = /bin/sh;
			shellScript = "\"${PODS_ROOT}/Target Support Files/Pods-Streaming/Pods-Streaming-frameworks.sh\"\n";
			showEnvVarsInLog = 0;
		};
		A691379A6AE086DF6AD6F1FC /* [CP] Check Pods Manifest.lock */ = {
			isa = PBXShellScriptBuildPhase;
			buildActionMask = 2147483647;
			files = (
			);
			inputFileListPaths = (
			);
			inputPaths = (
				"${PODS_PODFILE_DIR_PATH}/Podfile.lock",
				"${PODS_ROOT}/Manifest.lock",
			);
			name = "[CP] Check Pods Manifest.lock";
			outputFileListPaths = (
			);
			outputPaths = (
				"$(DERIVED_FILE_DIR)/Pods-StreamingTests-checkManifestLockResult.txt",
			);
			runOnlyForDeploymentPostprocessing = 0;
			shellPath = /bin/sh;
			shellScript = "diff \"${PODS_PODFILE_DIR_PATH}/Podfile.lock\" \"${PODS_ROOT}/Manifest.lock\" > /dev/null\nif [ $? != 0 ] ; then\n    # print error to STDERR\n    echo \"error: The sandbox is not in sync with the Podfile.lock. Run 'pod install' or update your CocoaPods installation.\" >&2\n    exit 1\nfi\n# This output is used by Xcode 'outputs' to avoid re-running this script phase.\necho \"SUCCESS\" > \"${SCRIPT_OUTPUT_FILE_0}\"\n";
			showEnvVarsInLog = 0;
		};
		D3D40CBC8898F81259D3958E /* [CP] Copy Pods Resources */ = {
			isa = PBXShellScriptBuildPhase;
			buildActionMask = 2147483647;
			files = (
			);
			inputFileListPaths = (
				"${PODS_ROOT}/Target Support Files/Pods-Streaming/Pods-Streaming-resources-${CONFIGURATION}-input-files.xcfilelist",
			);
			name = "[CP] Copy Pods Resources";
			outputFileListPaths = (
				"${PODS_ROOT}/Target Support Files/Pods-Streaming/Pods-Streaming-resources-${CONFIGURATION}-output-files.xcfilelist",
			);
			runOnlyForDeploymentPostprocessing = 0;
			shellPath = /bin/sh;
			shellScript = "\"${PODS_ROOT}/Target Support Files/Pods-Streaming/Pods-Streaming-resources.sh\"\n";
			showEnvVarsInLog = 0;
		};
		E47571FB1BE71182006F3856 /* [CP] Embed Pods Frameworks */ = {
			isa = PBXShellScriptBuildPhase;
			buildActionMask = 2147483647;
			files = (
			);
			inputFileListPaths = (
				"${PODS_ROOT}/Target Support Files/Pods-Streaming-StreamingUITests/Pods-Streaming-StreamingUITests-frameworks-${CONFIGURATION}-input-files.xcfilelist",
			);
			name = "[CP] Embed Pods Frameworks";
			outputFileListPaths = (
				"${PODS_ROOT}/Target Support Files/Pods-Streaming-StreamingUITests/Pods-Streaming-StreamingUITests-frameworks-${CONFIGURATION}-output-files.xcfilelist",
			);
			runOnlyForDeploymentPostprocessing = 0;
			shellPath = /bin/sh;
			shellScript = "\"${PODS_ROOT}/Target Support Files/Pods-Streaming-StreamingUITests/Pods-Streaming-StreamingUITests-frameworks.sh\"\n";
			showEnvVarsInLog = 0;
		};
/* End PBXShellScriptBuildPhase section */

/* Begin PBXSourcesBuildPhase section */
		01761250260DBF770016B9AF /* Sources */ = {
			isa = PBXSourcesBuildPhase;
			buildActionMask = 2147483647;
			files = (
				017612B3260E077D0016B9AF /* Extensions.swift in Sources */,
				0176125C260DBF770016B9AF /* ViewController.swift in Sources */,
				01761258260DBF770016B9AF /* AppDelegate.swift in Sources */,
				016FDC0026182C4800E48274 /* RegisterViewController.swift in Sources */,
				017612AB260DE98E0016B9AF /* AppleButton.swift in Sources */,
				0176125A260DBF770016B9AF /* SceneDelegate.swift in Sources */,
				017612CC260E6E830016B9AF /* ConstantValues.swift in Sources */,
				017612D7260E76BD0016B9AF /* User.swift in Sources */,
			);
			runOnlyForDeploymentPostprocessing = 0;
		};
		01761266260DBF780016B9AF /* Sources */ = {
			isa = PBXSourcesBuildPhase;
			buildActionMask = 2147483647;
			files = (
				0176126F260DBF780016B9AF /* StreamingTests.swift in Sources */,
			);
			runOnlyForDeploymentPostprocessing = 0;
		};
		01761271260DBF780016B9AF /* Sources */ = {
			isa = PBXSourcesBuildPhase;
			buildActionMask = 2147483647;
			files = (
				0176127A260DBF780016B9AF /* StreamingUITests.swift in Sources */,
			);
			runOnlyForDeploymentPostprocessing = 0;
		};
/* End PBXSourcesBuildPhase section */

/* Begin PBXTargetDependency section */
		0176126C260DBF780016B9AF /* PBXTargetDependency */ = {
			isa = PBXTargetDependency;
			target = 01761253260DBF770016B9AF /* Streaming */;
			targetProxy = 0176126B260DBF780016B9AF /* PBXContainerItemProxy */;
		};
		01761277260DBF780016B9AF /* PBXTargetDependency */ = {
			isa = PBXTargetDependency;
			target = 01761253260DBF770016B9AF /* Streaming */;
			targetProxy = 01761276260DBF780016B9AF /* PBXContainerItemProxy */;
		};
/* End PBXTargetDependency section */

/* Begin PBXVariantGroup section */
		0176125D260DBF770016B9AF /* Main.storyboard */ = {
			isa = PBXVariantGroup;
			children = (
				0176125E260DBF770016B9AF /* Base */,
			);
			name = Main.storyboard;
			sourceTree = "<group>";
		};
		01761262260DBF770016B9AF /* LaunchScreen.storyboard */ = {
			isa = PBXVariantGroup;
			children = (
				01761263260DBF770016B9AF /* Base */,
			);
			name = LaunchScreen.storyboard;
			sourceTree = "<group>";
		};
/* End PBXVariantGroup section */

/* Begin XCBuildConfiguration section */
		0176127C260DBF780016B9AF /* Debug */ = {
			isa = XCBuildConfiguration;
			buildSettings = {
				ALWAYS_SEARCH_USER_PATHS = NO;
				CLANG_ANALYZER_NONNULL = YES;
				CLANG_ANALYZER_NUMBER_OBJECT_CONVERSION = YES_AGGRESSIVE;
				CLANG_CXX_LANGUAGE_STANDARD = "gnu++14";
				CLANG_CXX_LIBRARY = "libc++";
				CLANG_ENABLE_MODULES = YES;
				CLANG_ENABLE_OBJC_ARC = YES;
				CLANG_ENABLE_OBJC_WEAK = YES;
				CLANG_WARN_BLOCK_CAPTURE_AUTORELEASING = YES;
				CLANG_WARN_BOOL_CONVERSION = YES;
				CLANG_WARN_COMMA = YES;
				CLANG_WARN_CONSTANT_CONVERSION = YES;
				CLANG_WARN_DEPRECATED_OBJC_IMPLEMENTATIONS = YES;
				CLANG_WARN_DIRECT_OBJC_ISA_USAGE = YES_ERROR;
				CLANG_WARN_DOCUMENTATION_COMMENTS = YES;
				CLANG_WARN_EMPTY_BODY = YES;
				CLANG_WARN_ENUM_CONVERSION = YES;
				CLANG_WARN_INFINITE_RECURSION = YES;
				CLANG_WARN_INT_CONVERSION = YES;
				CLANG_WARN_NON_LITERAL_NULL_CONVERSION = YES;
				CLANG_WARN_OBJC_IMPLICIT_RETAIN_SELF = YES;
				CLANG_WARN_OBJC_LITERAL_CONVERSION = YES;
				CLANG_WARN_OBJC_ROOT_CLASS = YES_ERROR;
				CLANG_WARN_QUOTED_INCLUDE_IN_FRAMEWORK_HEADER = YES;
				CLANG_WARN_RANGE_LOOP_ANALYSIS = YES;
				CLANG_WARN_STRICT_PROTOTYPES = YES;
				CLANG_WARN_SUSPICIOUS_MOVE = YES;
				CLANG_WARN_UNGUARDED_AVAILABILITY = YES_AGGRESSIVE;
				CLANG_WARN_UNREACHABLE_CODE = YES;
				CLANG_WARN__DUPLICATE_METHOD_MATCH = YES;
				COPY_PHASE_STRIP = NO;
				DEBUG_INFORMATION_FORMAT = dwarf;
				ENABLE_STRICT_OBJC_MSGSEND = YES;
				ENABLE_TESTABILITY = YES;
				GCC_C_LANGUAGE_STANDARD = gnu11;
				GCC_DYNAMIC_NO_PIC = NO;
				GCC_NO_COMMON_BLOCKS = YES;
				GCC_OPTIMIZATION_LEVEL = 0;
				GCC_PREPROCESSOR_DEFINITIONS = (
					"DEBUG=1",
					"$(inherited)",
				);
				GCC_WARN_64_TO_32_BIT_CONVERSION = YES;
				GCC_WARN_ABOUT_RETURN_TYPE = YES_ERROR;
				GCC_WARN_UNDECLARED_SELECTOR = YES;
				GCC_WARN_UNINITIALIZED_AUTOS = YES_AGGRESSIVE;
				GCC_WARN_UNUSED_FUNCTION = YES;
				GCC_WARN_UNUSED_VARIABLE = YES;
				IPHONEOS_DEPLOYMENT_TARGET = 14.4;
				MTL_ENABLE_DEBUG_INFO = INCLUDE_SOURCE;
				MTL_FAST_MATH = YES;
				ONLY_ACTIVE_ARCH = YES;
				SDKROOT = iphoneos;
				SWIFT_ACTIVE_COMPILATION_CONDITIONS = DEBUG;
				SWIFT_OPTIMIZATION_LEVEL = "-Onone";
			};
			name = Debug;
		};
		0176127D260DBF780016B9AF /* Release */ = {
			isa = XCBuildConfiguration;
			buildSettings = {
				ALWAYS_SEARCH_USER_PATHS = NO;
				CLANG_ANALYZER_NONNULL = YES;
				CLANG_ANALYZER_NUMBER_OBJECT_CONVERSION = YES_AGGRESSIVE;
				CLANG_CXX_LANGUAGE_STANDARD = "gnu++14";
				CLANG_CXX_LIBRARY = "libc++";
				CLANG_ENABLE_MODULES = YES;
				CLANG_ENABLE_OBJC_ARC = YES;
				CLANG_ENABLE_OBJC_WEAK = YES;
				CLANG_WARN_BLOCK_CAPTURE_AUTORELEASING = YES;
				CLANG_WARN_BOOL_CONVERSION = YES;
				CLANG_WARN_COMMA = YES;
				CLANG_WARN_CONSTANT_CONVERSION = YES;
				CLANG_WARN_DEPRECATED_OBJC_IMPLEMENTATIONS = YES;
				CLANG_WARN_DIRECT_OBJC_ISA_USAGE = YES_ERROR;
				CLANG_WARN_DOCUMENTATION_COMMENTS = YES;
				CLANG_WARN_EMPTY_BODY = YES;
				CLANG_WARN_ENUM_CONVERSION = YES;
				CLANG_WARN_INFINITE_RECURSION = YES;
				CLANG_WARN_INT_CONVERSION = YES;
				CLANG_WARN_NON_LITERAL_NULL_CONVERSION = YES;
				CLANG_WARN_OBJC_IMPLICIT_RETAIN_SELF = YES;
				CLANG_WARN_OBJC_LITERAL_CONVERSION = YES;
				CLANG_WARN_OBJC_ROOT_CLASS = YES_ERROR;
				CLANG_WARN_QUOTED_INCLUDE_IN_FRAMEWORK_HEADER = YES;
				CLANG_WARN_RANGE_LOOP_ANALYSIS = YES;
				CLANG_WARN_STRICT_PROTOTYPES = YES;
				CLANG_WARN_SUSPICIOUS_MOVE = YES;
				CLANG_WARN_UNGUARDED_AVAILABILITY = YES_AGGRESSIVE;
				CLANG_WARN_UNREACHABLE_CODE = YES;
				CLANG_WARN__DUPLICATE_METHOD_MATCH = YES;
				COPY_PHASE_STRIP = NO;
				DEBUG_INFORMATION_FORMAT = "dwarf-with-dsym";
				ENABLE_NS_ASSERTIONS = NO;
				ENABLE_STRICT_OBJC_MSGSEND = YES;
				GCC_C_LANGUAGE_STANDARD = gnu11;
				GCC_NO_COMMON_BLOCKS = YES;
				GCC_WARN_64_TO_32_BIT_CONVERSION = YES;
				GCC_WARN_ABOUT_RETURN_TYPE = YES_ERROR;
				GCC_WARN_UNDECLARED_SELECTOR = YES;
				GCC_WARN_UNINITIALIZED_AUTOS = YES_AGGRESSIVE;
				GCC_WARN_UNUSED_FUNCTION = YES;
				GCC_WARN_UNUSED_VARIABLE = YES;
				IPHONEOS_DEPLOYMENT_TARGET = 14.4;
				MTL_ENABLE_DEBUG_INFO = NO;
				MTL_FAST_MATH = YES;
				SDKROOT = iphoneos;
				SWIFT_COMPILATION_MODE = wholemodule;
				SWIFT_OPTIMIZATION_LEVEL = "-O";
				VALIDATE_PRODUCT = YES;
			};
			name = Release;
		};
		0176127F260DBF780016B9AF /* Debug */ = {
			isa = XCBuildConfiguration;
			baseConfigurationReference = A660ABACD86CE33502AAD615 /* Pods-Streaming.debug.xcconfig */;
			buildSettings = {
				ASSETCATALOG_COMPILER_APPICON_NAME = AppIcon;
				ASSETCATALOG_COMPILER_GLOBAL_ACCENT_COLOR_NAME = AccentColor;
				CODE_SIGN_ENTITLEMENTS = Streaming/Streaming.entitlements;
				CODE_SIGN_STYLE = Automatic;
				DEVELOPMENT_TEAM = H32DG9C4YT;
				INFOPLIST_FILE = Streaming/Info.plist;
				LD_RUNPATH_SEARCH_PATHS = (
					"$(inherited)",
					"@executable_path/Frameworks",
				);
				PRODUCT_BUNDLE_IDENTIFIER = com.vre.stream.video;
				PRODUCT_NAME = "$(TARGET_NAME)";
				SWIFT_VERSION = 5.0;
				TARGETED_DEVICE_FAMILY = "1,2";
			};
			name = Debug;
		};
		01761280260DBF780016B9AF /* Release */ = {
			isa = XCBuildConfiguration;
			baseConfigurationReference = B1A11E6AEE64224D40851E8E /* Pods-Streaming.release.xcconfig */;
			buildSettings = {
				ASSETCATALOG_COMPILER_APPICON_NAME = AppIcon;
				ASSETCATALOG_COMPILER_GLOBAL_ACCENT_COLOR_NAME = AccentColor;
				CODE_SIGN_ENTITLEMENTS = Streaming/Streaming.entitlements;
				CODE_SIGN_STYLE = Automatic;
				DEVELOPMENT_TEAM = H32DG9C4YT;
				INFOPLIST_FILE = Streaming/Info.plist;
				LD_RUNPATH_SEARCH_PATHS = (
					"$(inherited)",
					"@executable_path/Frameworks",
				);
				PRODUCT_BUNDLE_IDENTIFIER = com.vre.stream.video;
				PRODUCT_NAME = "$(TARGET_NAME)";
				SWIFT_VERSION = 5.0;
				TARGETED_DEVICE_FAMILY = "1,2";
			};
			name = Release;
		};
		01761282260DBF780016B9AF /* Debug */ = {
			isa = XCBuildConfiguration;
			baseConfigurationReference = 624EEABFA044CE38F5870125 /* Pods-StreamingTests.debug.xcconfig */;
			buildSettings = {
				ALWAYS_EMBED_SWIFT_STANDARD_LIBRARIES = YES;
				BUNDLE_LOADER = "$(TEST_HOST)";
				CODE_SIGN_STYLE = Automatic;
				DEVELOPMENT_TEAM = MF9G6N8LQC;
				INFOPLIST_FILE = StreamingTests/Info.plist;
				IPHONEOS_DEPLOYMENT_TARGET = 14.4;
				LD_RUNPATH_SEARCH_PATHS = (
					"$(inherited)",
					"@executable_path/Frameworks",
					"@loader_path/Frameworks",
				);
				PRODUCT_BUNDLE_IDENTIFIER = com.vre.stream.video.StreamingTests;
				PRODUCT_NAME = "$(TARGET_NAME)";
				SWIFT_VERSION = 5.0;
				TARGETED_DEVICE_FAMILY = "1,2";
				TEST_HOST = "$(BUILT_PRODUCTS_DIR)/Streaming.app/Streaming";
			};
			name = Debug;
		};
		01761283260DBF780016B9AF /* Release */ = {
			isa = XCBuildConfiguration;
			baseConfigurationReference = 53170DF354EDFAF4B091EB54 /* Pods-StreamingTests.release.xcconfig */;
			buildSettings = {
				ALWAYS_EMBED_SWIFT_STANDARD_LIBRARIES = YES;
				BUNDLE_LOADER = "$(TEST_HOST)";
				CODE_SIGN_STYLE = Automatic;
				DEVELOPMENT_TEAM = MF9G6N8LQC;
				INFOPLIST_FILE = StreamingTests/Info.plist;
				IPHONEOS_DEPLOYMENT_TARGET = 14.4;
				LD_RUNPATH_SEARCH_PATHS = (
					"$(inherited)",
					"@executable_path/Frameworks",
					"@loader_path/Frameworks",
				);
				PRODUCT_BUNDLE_IDENTIFIER = com.vre.stream.video.StreamingTests;
				PRODUCT_NAME = "$(TARGET_NAME)";
				SWIFT_VERSION = 5.0;
				TARGETED_DEVICE_FAMILY = "1,2";
				TEST_HOST = "$(BUILT_PRODUCTS_DIR)/Streaming.app/Streaming";
			};
			name = Release;
		};
		01761285260DBF780016B9AF /* Debug */ = {
			isa = XCBuildConfiguration;
			baseConfigurationReference = F67F38994B4AD79361405D7F /* Pods-Streaming-StreamingUITests.debug.xcconfig */;
			buildSettings = {
				ALWAYS_EMBED_SWIFT_STANDARD_LIBRARIES = YES;
				CODE_SIGN_STYLE = Automatic;
				DEVELOPMENT_TEAM = MF9G6N8LQC;
				INFOPLIST_FILE = StreamingUITests/Info.plist;
				LD_RUNPATH_SEARCH_PATHS = (
					"$(inherited)",
					"@executable_path/Frameworks",
					"@loader_path/Frameworks",
				);
				PRODUCT_BUNDLE_IDENTIFIER = com.vre.stream.video.StreamingUITests;
				PRODUCT_NAME = "$(TARGET_NAME)";
				SWIFT_VERSION = 5.0;
				TARGETED_DEVICE_FAMILY = "1,2";
				TEST_TARGET_NAME = Streaming;
			};
			name = Debug;
		};
		01761286260DBF780016B9AF /* Release */ = {
			isa = XCBuildConfiguration;
			baseConfigurationReference = C5104D915FB448E1BE02A117 /* Pods-Streaming-StreamingUITests.release.xcconfig */;
			buildSettings = {
				ALWAYS_EMBED_SWIFT_STANDARD_LIBRARIES = YES;
				CODE_SIGN_STYLE = Automatic;
				DEVELOPMENT_TEAM = MF9G6N8LQC;
				INFOPLIST_FILE = StreamingUITests/Info.plist;
				LD_RUNPATH_SEARCH_PATHS = (
					"$(inherited)",
					"@executable_path/Frameworks",
					"@loader_path/Frameworks",
				);
				PRODUCT_BUNDLE_IDENTIFIER = com.vre.stream.video.StreamingUITests;
				PRODUCT_NAME = "$(TARGET_NAME)";
				SWIFT_VERSION = 5.0;
				TARGETED_DEVICE_FAMILY = "1,2";
				TEST_TARGET_NAME = Streaming;
			};
			name = Release;
		};
/* End XCBuildConfiguration section */

/* Begin XCConfigurationList section */
		0176124F260DBF770016B9AF /* Build configuration list for PBXProject "Streaming" */ = {
			isa = XCConfigurationList;
			buildConfigurations = (
				0176127C260DBF780016B9AF /* Debug */,
				0176127D260DBF780016B9AF /* Release */,
			);
			defaultConfigurationIsVisible = 0;
			defaultConfigurationName = Release;
		};
		0176127E260DBF780016B9AF /* Build configuration list for PBXNativeTarget "Streaming" */ = {
			isa = XCConfigurationList;
			buildConfigurations = (
				0176127F260DBF780016B9AF /* Debug */,
				01761280260DBF780016B9AF /* Release */,
			);
			defaultConfigurationIsVisible = 0;
			defaultConfigurationName = Release;
		};
		01761281260DBF780016B9AF /* Build configuration list for PBXNativeTarget "StreamingTests" */ = {
			isa = XCConfigurationList;
			buildConfigurations = (
				01761282260DBF780016B9AF /* Debug */,
				01761283260DBF780016B9AF /* Release */,
			);
			defaultConfigurationIsVisible = 0;
			defaultConfigurationName = Release;
		};
		01761284260DBF780016B9AF /* Build configuration list for PBXNativeTarget "StreamingUITests" */ = {
			isa = XCConfigurationList;
			buildConfigurations = (
				01761285260DBF780016B9AF /* Debug */,
				01761286260DBF780016B9AF /* Release */,
			);
			defaultConfigurationIsVisible = 0;
			defaultConfigurationName = Release;
		};
/* End XCConfigurationList section */
	};
	rootObject = 0176124C260DBF770016B9AF /* Project object */;
}
